// !$*UTF8*$!
{
	archiveVersion = 1;
	classes = {
	};
	objectVersion = 46;
	objects = {

/* Begin PBXBuildFile section */
		0034F8CB1D138E960072CFCB /* main.m in Sources */ = {isa = PBXBuildFile; fileRef = 0034F8CA1D138E960072CFCB /* main.m */; };
		0034F8D31D138EA50072CFCB /* People.m in Sources */ = {isa = PBXBuildFile; fileRef = 0034F8D21D138EA50072CFCB /* People.m */; };
/* End PBXBuildFile section */

/* Begin PBXCopyFilesBuildPhase section */
		0034F8C51D138E960072CFCB /* CopyFiles */ = {
			isa = PBXCopyFilesBuildPhase;
			buildActionMask = 2147483647;
			dstPath = /usr/share/man/man1/;
			dstSubfolderSpec = 0;
			files = (
			);
			runOnlyForDeploymentPostprocessing = 1;
		};
/* End PBXCopyFilesBuildPhase section */

/* Begin PBXFileReference section */
		0034F8C71D138E960072CFCB /* RuntimeDemo4 */ = {isa = PBXFileReference; explicitFileType = "compiled.mach-o.executable"; includeInIndex = 0; path = RuntimeDemo4; sourceTree = BUILT_PRODUCTS_DIR; };
		0034F8CA1D138E960072CFCB /* main.m */ = {isa = PBXFileReference; lastKnownFileType = sourcecode.c.objc; path = main.m; sourceTree = "<group>"; };
		0034F8D11D138EA50072CFCB /* People.h */ = {isa = PBXFileReference; fileEncoding = 4; lastKnownFileType = sourcecode.c.h; path = People.h; sourceTree = "<group>"; };
		0034F8D21D138EA50072CFCB /* People.m */ = {isa = PBXFileReference; fileEncoding = 4; lastKnownFileType = sourcecode.c.objc; path = People.m; sourceTree = "<group>"; };
/* End PBXFileReference section */

/* Begin PBXFrameworksBuildPhase section */
		0034F8C41D138E960072CFCB /* Frameworks */ = {
			isa = PBXFrameworksBuildPhase;
			buildActionMask = 2147483647;
			files = (
			);
			runOnlyForDeploymentPostprocessing = 0;
		};
/* End PBXFrameworksBuildPhase section */

/* Begin PBXGroup section */
		0034F8BE1D138E960072CFCB = {
			isa = PBXGroup;
			children = (
				0034F8C91D138E960072CFCB /* RuntimeDemo4 */,
				0034F8C81D138E960072CFCB /* Products */,
			);
			sourceTree = "<group>";
		};
		0034F8C81D138E960072CFCB /* Products */ = {
			isa = PBXGroup;
			children = (
				0034F8C71D138E960072CFCB /* RuntimeDemo4 */,
			);
			name = Products;
			sourceTree = "<group>";
		};
		0034F8C91D138E960072CFCB /* RuntimeDemo4 */ = {
			isa = PBXGroup;
			children = (
				0034F8D11D138EA50072CFCB /* People.h */,
				0034F8D21D138EA50072CFCB /* People.m */,
				0034F8CA1D138E960072CFCB /* main.m */,
			);
			path = RuntimeDemo4;
			sourceTree = "<group>";
		};
/* End PBXGroup section */

/* Begin PBXNativeTarget section */
		0034F8C61D138E960072CFCB /* RuntimeDemo4 */ = {
			isa = PBXNativeTarget;
			buildConfigurationList = 0034F8CE1D138E960072CFCB /* Build configuration list for PBXNativeTarget "RuntimeDemo4" */;
			buildPhases = (
				0034F8C31D138E960072CFCB /* Sources */,
				0034F8C41D138E960072CFCB /* Frameworks */,
				0034F8C51D138E960072CFCB /* CopyFiles */,
			);
			buildRules = (
			);
			dependencies = (
			);
			name = RuntimeDemo4;
			productName = RuntimeDemo4;
			productReference = 0034F8C71D138E960072CFCB /* RuntimeDemo4 */;
			productType = "com.apple.product-type.tool";
		};
/* End PBXNativeTarget section */

/* Begin PBXProject section */
		0034F8BF1D138E960072CFCB /* Project object */ = {
			isa = PBXProject;
			attributes = {
				LastUpgradeCheck = 0730;
				ORGANIZATIONNAME = DaiYan;
				TargetAttributes = {
					0034F8C61D138E960072CFCB = {
						CreatedOnToolsVersion = 7.3.1;
					};
				};
			};
			buildConfigurationList = 0034F8C21D138E960072CFCB /* Build configuration list for PBXProject "RuntimeDemo4" */;
			compatibilityVersion = "Xcode 3.2";
			developmentRegion = English;
			hasScannedForEncodings = 0;
			knownRegions = (
				en,
			);
			mainGroup = 0034F8BE1D138E960072CFCB;
			productRefGroup = 0034F8C81D138E960072CFCB /* Products */;
			projectDirPath = "";
			projectRoot = "";
			targets = (
				0034F8C61D138E960072CFCB /* RuntimeDemo4 */,
			);
		};
/* End PBXProject section */

/* Begin PBXSourcesBuildPhase section */
		0034F8C31D138E960072CFCB /* Sources */ = {
			isa = PBXSourcesBuildPhase;
			buildActionMask = 2147483647;
			files = (
				0034F8D31D138EA50072CFCB /* People.m in Sources */,
				0034F8CB1D138E960072CFCB /* main.m in Sources */,
			);
			runOnlyForDeploymentPostprocessing = 0;
		};
/* End PBXSourcesBuildPhase section */

/* Begin XCBuildConfiguration section */
		0034F8CC1D138E960072CFCB /* Debug */ = {
			isa = XCBuildConfiguration;
			buildSettings = {
				ALWAYS_SEARCH_USER_PATHS = NO;
				CLANG_ANALYZER_NONNULL = YES;
				CLANG_CXX_LANGUAGE_STANDARD = "gnu++0x";
				CLANG_CXX_LIBRARY = "libc++";
				CLANG_ENABLE_MODULES = YES;
				CLANG_ENABLE_OBJC_ARC = YES;
				CLANG_WARN_BOOL_CONVERSION = YES;
				CLANG_WARN_CONSTANT_CONVERSION = YES;
				CLANG_WARN_DIRECT_OBJC_ISA_USAGE = YES_ERROR;
				CLANG_WARN_EMPTY_BODY = YES;
				CLANG_WARN_ENUM_CONVERSION = YES;
				CLANG_WARN_INT_CONVERSION = YES;
				CLANG_WARN_OBJC_ROOT_CLASS = YES_ERROR;
				CLANG_WARN_UNREACHABLE_CODE = YES;
				CLANG_WARN__DUPLICATE_METHOD_MATCH = YES;
				CODE_SIGN_IDENTITY = "-";
				COPY_PHASE_STRIP = NO;
				DEBUG_INFORMATION_FORMAT = dwarf;
				ENABLE_STRICT_OBJC_MSGSEND = YES;
				ENABLE_TESTABILITY = YES;
				GCC_C_LANGUAGE_STANDARD = gnu99;
				GCC_DYNAMIC_NO_PIC = NO;
				GCC_NO_COMMON_BLOCKS = YES;
				GCC_OPTIMIZATION_LEVEL = 0;
				GCC_PREPROCESSOR_DEFINITIONS = (
					"DEBUG=1",
					"$(inherited)",
				);
				GCC_WARN_64_TO_32_BIT_CONVERSION = YES;
				GCC_WARN_ABOUT_RETURN_TYPE = YES_ERROR;
				GCC_WARN_UNDECLARED_SELECTOR = YES;
				GCC_WARN_UNINITIALIZED_AUTOS = YES_AGGRESSIVE;
				GCC_WARN_UNUSED_FUNCTION = YES;
				GCC_WARN_UNUSED_VARIABLE = YES;
				MACOSX_DEPLOYMENT_TARGET = 10.11;
				MTL_ENABLE_DEBUG_INFO = YES;
				ONLY_ACTIVE_ARCH = YES;
				SDKROOT = macosx;
			};
			name = Debug;
		};
		0034F8CD1D138E960072CFCB /* Release */ = {
			isa = XCBuildConfiguration;
			buildSettings = {
				ALWAYS_SEARCH_USER_PATHS = NO;
				CLANG_ANALYZER_NONNULL = YES;
				CLANG_CXX_LANGUAGE_STANDARD = "gnu++0x";
				CLANG_CXX_LIBRARY = "libc++";
				CLANG_ENABLE_MODULES = YES;
				CLANG_ENABLE_OBJC_ARC = YES;
				CLANG_WARN_BOOL_CONVERSION = YES;
				CLANG_WARN_CONSTANT_CONVERSION = YES;
				CLANG_WARN_DIRECT_OBJC_ISA_USAGE = YES_ERROR;
				CLANG_WARN_EMPTY_BODY = YES;
				CLANG_WARN_ENUM_CONVERSION = YES;
				CLANG_WARN_INT_CONVERSION = YES;
				CLANG_WARN_OBJC_ROOT_CLASS = YES_ERROR;
				CLANG_WARN_UNREACHABLE_CODE = YES;
				CLANG_WARN__DUPLICATE_METHOD_MATCH = YES;
				CODE_SIGN_IDENTITY = "-";
				COPY_PHASE_STRIP = NO;
				DEBUG_INFORMATION_FORMAT = "dwarf-with-dsym";
				ENABLE_NS_ASSERTIONS = NO;
				ENABLE_STRICT_OBJC_MSGSEND = YES;
				GCC_C_LANGUAGE_STANDARD = gnu99;
				GCC_NO_COMMON_BLOCKS = YES;
				GCC_WARN_64_TO_32_BIT_CONVERSION = YES;
				GCC_WARN_ABOUT_RETURN_TYPE = YES_ERROR;
				GCC_WARN_UNDECLARED_SELECTOR = YES;
				GCC_WARN_UNINITIALIZED_AUTOS = YES_AGGRESSIVE;
				GCC_WARN_UNUSED_FUNCTION = YES;
				GCC_WARN_UNUSED_VARIABLE = YES;
				MACOSX_DEPLOYMENT_TARGET = 10.11;
				MTL_ENABLE_DEBUG_INFO = NO;
				SDKROOT = macosx;
			};
			name = Release;
		};
		0034F8CF1D138E960072CFCB /* Debug */ = {
			isa = XCBuildConfiguration;
			buildSettings = {
				PRODUCT_NAME = "$(TARGET_NAME)";
			};
			name = Debug;
		};
		0034F8D01D138E960072CFCB /* Release */ = {
			isa = XCBuildConfiguration;
			buildSettings = {
				PRODUCT_NAME = "$(TARGET_NAME)";
			};
			name = Release;
		};
/* End XCBuildConfiguration section */

/* Begin XCConfigurationList section */
		0034F8C21D138E960072CFCB /* Build configuration list for PBXProject "RuntimeDemo4" */ = {
			isa = XCConfigurationList;
			buildConfigurations = (
				0034F8CC1D138E960072CFCB /* Debug */,
				0034F8CD1D138E960072CFCB /* Release */,
			);
			defaultConfigurationIsVisible = 0;
			defaultConfigurationName = Release;
		};
		0034F8CE1D138E960072CFCB /* Build configuration list for PBXNativeTarget "RuntimeDemo4" */ = {
			isa = XCConfigurationList;
			buildConfigurations = (
				0034F8CF1D138E960072CFCB /* Debug */,
				0034F8D01D138E960072CFCB /* Release */,
			);
			defaultConfigurationIsVisible = 0;
		};
/* End XCConfigurationList section */
	};
	rootObject = 0034F8BF1D138E960072CFCB /* Project object */;
}
